
Microsoft Visual Studio Solution File, Format Version 12.00
# Visual Studio 15
VisualStudioVersion = 15.0.27428.2002
MinimumVisualStudioVersion = 10.0.40219.1
Project("{FAE04EC0-301F-11D3-BF4B-00C04F79EFBC}") = "task1", "task1\task1.csproj", "{55F3FED1-4FFE-4AD7-B362-D72527971715}"
EndProject
Global
	GlobalSection(SolutionConfigurationPlatforms) = preSolution
		Debug|Any CPU = Debug|Any CPU
		Release|Any CPU = Release|Any CPU
	EndGlobalSection
	GlobalSection(ProjectConfigurationPlatforms) = postSolution
		{55F3FED1-4FFE-4AD7-B362-D72527971715}.Debug|Any CPU.ActiveCfg = Debug|Any CPU
		{55F3FED1-4FFE-4AD7-B362-D72527971715}.Debug|Any CPU.Build.0 = Debug|Any CPU
		{55F3FED1-4FFE-4AD7-B362-D72527971715}.Release|Any CPU.ActiveCfg = Release|Any CPU
		{55F3FED1-4FFE-4AD7-B362-D72527971715}.Release|Any CPU.Build.0 = Release|Any CPU
	EndGlobalSection
	GlobalSection(SolutionProperties) = preSolution
		HideSolutionNode = FALSE
	EndGlobalSection
	GlobalSection(ExtensibilityGlobals) = postSolution
		SolutionGuid = {AA6C1752-5760-4AB6-96F1-891E1E6F5137}
	EndGlobalSection
EndGlobal
